{
  "name": "slack-message-preview",
  "version": "1.0.0",
  "lockfileVersion": 3,
  "requires": true,
  "packages": {
    "": {
      "name": "slack-message-preview",
      "version": "1.0.0",
      "license": "ISC",
      "dependencies": {
        "slack-block-builder": "^2.8.0"
      },
      "devDependencies": {
        "typescript": "^5.6.3"
      }
    },
    "node_modules/slack-block-builder": {
      "version": "2.8.0",
      "resolved": "https://registry.npmjs.org/slack-block-builder/-/slack-block-builder-2.8.0.tgz",
      "integrity": "sha512-iisM+j99iKRuQFVfdWo0FiszDAl3r8Snq704oZH6C0RbDqvoVQStiptt6Y7kc6RX/5hSAqTqjhgvZ/di8cvaIA=="
    },
    "node_modules/typescript": {
      "version": "5.6.3",
      "resolved": "https://registry.npmjs.org/typescript/-/typescript-5.6.3.tgz",
      "integrity": "sha512-hjcS1mhfuyi4WW8IWtjP7brDrG2cuDZukyrYrSauoXGNgx0S7zceP07adYkJycEr56BOUTNPzbInooiN3fn1qw==",
      "dev": true,
      "bin": {
        "tsc": "bin/tsc",
        "tsserver": "bin/tsserver"
      },
      "engines": {
        "node": ">=14.17"
      }
    }
  }
}
